
Microsoft Visual Studio Solution File, Format Version 12.00
# Visual Studio Version 17
VisualStudioVersion = 17.0.31903.59
MinimumVisualStudioVersion = 10.0.40219.1
Project("{2150E333-8FDC-42A3-9474-1A3956D46DE8}") = "src", "src", "{827E0CD3-B72D-47B6-A68D-7590B98EB39B}"
EndProject
Project("{FAE04EC0-301F-11D3-BF4B-00C04F79EFBC}") = "Cnap.Attendance.Api", "src\Cnap.Attendance.Api\Cnap.Attendance.Api.csproj", "{66D2944A-C198-4C3D-ACFD-88C9FB13B6F8}"
EndProject
Project("{FAE04EC0-301F-11D3-BF4B-00C04F79EFBC}") = "Cnap.Attendance.Core", "src\Cnap.Attendance.Core\Cnap.Attendance.Core.csproj", "{17488684-8AA9-4C65-B9F5-A19B0E3D3C4C}"
EndProject
Project("{FAE04EC0-301F-11D3-BF4B-00C04F79EFBC}") = "Cnap.Attendance.Infrastructure", "src\Cnap.Attendance.Infrastructure\Cnap.Attendance.Infrastructure.csproj", "{3EC45B0E-DF1F-4807-86BA-20DD467BD360}"
EndProject
Project("{2150E333-8FDC-42A3-9474-1A3956D46DE8}") = "tests", "tests", "{0AB3BF05-4346-4AA6-1389-037BE0695223}"
EndProject
Project("{FAE04EC0-301F-11D3-BF4B-00C04F79EFBC}") = "Cnap.Attendance.UnitTests", "tests\Cnap.Attendance.UnitTests\Cnap.Attendance.UnitTests.csproj", "{6935B061-512D-4163-9093-CD12CBEBA60C}"
EndProject
Global
	GlobalSection(SolutionConfigurationPlatforms) = preSolution
		Debug|Any CPU = Debug|Any CPU
		Debug|x64 = Debug|x64
		Debug|x86 = Debug|x86
		Release|Any CPU = Release|Any CPU
		Release|x64 = Release|x64
		Release|x86 = Release|x86
	EndGlobalSection
	GlobalSection(ProjectConfigurationPlatforms) = postSolution
		{66D2944A-C198-4C3D-ACFD-88C9FB13B6F8}.Debug|Any CPU.ActiveCfg = Debug|Any CPU
		{66D2944A-C198-4C3D-ACFD-88C9FB13B6F8}.Debug|Any CPU.Build.0 = Debug|Any CPU
		{66D2944A-C198-4C3D-ACFD-88C9FB13B6F8}.Debug|x64.ActiveCfg = Debug|Any CPU
		{66D2944A-C198-4C3D-ACFD-88C9FB13B6F8}.Debug|x64.Build.0 = Debug|Any CPU
		{66D2944A-C198-4C3D-ACFD-88C9FB13B6F8}.Debug|x86.ActiveCfg = Debug|Any CPU
		{66D2944A-C198-4C3D-ACFD-88C9FB13B6F8}.Debug|x86.Build.0 = Debug|Any CPU
		{66D2944A-C198-4C3D-ACFD-88C9FB13B6F8}.Release|Any CPU.ActiveCfg = Release|Any CPU
		{66D2944A-C198-4C3D-ACFD-88C9FB13B6F8}.Release|Any CPU.Build.0 = Release|Any CPU
		{66D2944A-C198-4C3D-ACFD-88C9FB13B6F8}.Release|x64.ActiveCfg = Release|Any CPU
		{66D2944A-C198-4C3D-ACFD-88C9FB13B6F8}.Release|x64.Build.0 = Release|Any CPU
		{66D2944A-C198-4C3D-ACFD-88C9FB13B6F8}.Release|x86.ActiveCfg = Release|Any CPU
		{66D2944A-C198-4C3D-ACFD-88C9FB13B6F8}.Release|x86.Build.0 = Release|Any CPU
		{17488684-8AA9-4C65-B9F5-A19B0E3D3C4C}.Debug|Any CPU.ActiveCfg = Debug|Any CPU
		{17488684-8AA9-4C65-B9F5-A19B0E3D3C4C}.Debug|Any CPU.Build.0 = Debug|Any CPU
		{17488684-8AA9-4C65-B9F5-A19B0E3D3C4C}.Debug|x64.ActiveCfg = Debug|Any CPU
		{17488684-8AA9-4C65-B9F5-A19B0E3D3C4C}.Debug|x64.Build.0 = Debug|Any CPU
		{17488684-8AA9-4C65-B9F5-A19B0E3D3C4C}.Debug|x86.ActiveCfg = Debug|Any CPU
		{17488684-8AA9-4C65-B9F5-A19B0E3D3C4C}.Debug|x86.Build.0 = Debug|Any CPU
		{17488684-8AA9-4C65-B9F5-A19B0E3D3C4C}.Release|Any CPU.ActiveCfg = Release|Any CPU
		{17488684-8AA9-4C65-B9F5-A19B0E3D3C4C}.Release|Any CPU.Build.0 = Release|Any CPU
		{17488684-8AA9-4C65-B9F5-A19B0E3D3C4C}.Release|x64.ActiveCfg = Release|Any CPU
		{17488684-8AA9-4C65-B9F5-A19B0E3D3C4C}.Release|x64.Build.0 = Release|Any CPU
		{17488684-8AA9-4C65-B9F5-A19B0E3D3C4C}.Release|x86.ActiveCfg = Release|Any CPU
		{17488684-8AA9-4C65-B9F5-A19B0E3D3C4C}.Release|x86.Build.0 = Release|Any CPU
		{3EC45B0E-DF1F-4807-86BA-20DD467BD360}.Debug|Any CPU.ActiveCfg = Debug|Any CPU
		{3EC45B0E-DF1F-4807-86BA-20DD467BD360}.Debug|Any CPU.Build.0 = Debug|Any CPU
		{3EC45B0E-DF1F-4807-86BA-20DD467BD360}.Debug|x64.ActiveCfg = Debug|Any CPU
		{3EC45B0E-DF1F-4807-86BA-20DD467BD360}.Debug|x64.Build.0 = Debug|Any CPU
		{3EC45B0E-DF1F-4807-86BA-20DD467BD360}.Debug|x86.ActiveCfg = Debug|Any CPU
		{3EC45B0E-DF1F-4807-86BA-20DD467BD360}.Debug|x86.Build.0 = Debug|Any CPU
		{3EC45B0E-DF1F-4807-86BA-20DD467BD360}.Release|Any CPU.ActiveCfg = Release|Any CPU
		{3EC45B0E-DF1F-4807-86BA-20DD467BD360}.Release|Any CPU.Build.0 = Release|Any CPU
		{3EC45B0E-DF1F-4807-86BA-20DD467BD360}.Release|x64.ActiveCfg = Release|Any CPU
		{3EC45B0E-DF1F-4807-86BA-20DD467BD360}.Release|x64.Build.0 = Release|Any CPU
		{3EC45B0E-DF1F-4807-86BA-20DD467BD360}.Release|x86.ActiveCfg = Release|Any CPU
		{3EC45B0E-DF1F-4807-86BA-20DD467BD360}.Release|x86.Build.0 = Release|Any CPU
		{6935B061-512D-4163-9093-CD12CBEBA60C}.Debug|Any CPU.ActiveCfg = Debug|Any CPU
		{6935B061-512D-4163-9093-CD12CBEBA60C}.Debug|Any CPU.Build.0 = Debug|Any CPU
		{6935B061-512D-4163-9093-CD12CBEBA60C}.Debug|x64.ActiveCfg = Debug|Any CPU
		{6935B061-512D-4163-9093-CD12CBEBA60C}.Debug|x64.Build.0 = Debug|Any CPU
		{6935B061-512D-4163-9093-CD12CBEBA60C}.Debug|x86.ActiveCfg = Debug|Any CPU
		{6935B061-512D-4163-9093-CD12CBEBA60C}.Debug|x86.Build.0 = Debug|Any CPU
		{6935B061-512D-4163-9093-CD12CBEBA60C}.Release|Any CPU.ActiveCfg = Release|Any CPU
		{6935B061-512D-4163-9093-CD12CBEBA60C}.Release|Any CPU.Build.0 = Release|Any CPU
		{6935B061-512D-4163-9093-CD12CBEBA60C}.Release|x64.ActiveCfg = Release|Any CPU
		{6935B061-512D-4163-9093-CD12CBEBA60C}.Release|x64.Build.0 = Release|Any CPU
		{6935B061-512D-4163-9093-CD12CBEBA60C}.Release|x86.ActiveCfg = Release|Any CPU
		{6935B061-512D-4163-9093-CD12CBEBA60C}.Release|x86.Build.0 = Release|Any CPU
	EndGlobalSection
	GlobalSection(SolutionProperties) = preSolution
		HideSolutionNode = FALSE
	EndGlobalSection
	GlobalSection(NestedProjects) = preSolution
		{66D2944A-C198-4C3D-ACFD-88C9FB13B6F8} = {827E0CD3-B72D-47B6-A68D-7590B98EB39B}
		{17488684-8AA9-4C65-B9F5-A19B0E3D3C4C} = {827E0CD3-B72D-47B6-A68D-7590B98EB39B}
		{3EC45B0E-DF1F-4807-86BA-20DD467BD360} = {827E0CD3-B72D-47B6-A68D-7590B98EB39B}
		{6935B061-512D-4163-9093-CD12CBEBA60C} = {0AB3BF05-4346-4AA6-1389-037BE0695223}
	EndGlobalSection
EndGlobal
